// !$*UTF8*$!
{
	archiveVersion = 1;
	classes = {
	};
	objectVersion = 46;
	objects = {

/* Begin PBXBuildFile section */
		4336C18C1B3A7705003EDB16 /* main.cpp in Sources */ = {isa = PBXBuildFile; fileRef = 4336C18B1B3A7705003EDB16 /* main.cpp */; };
		4336C1C61B3A77F6003EDB16 /* libopencv_calib3d.3.0.0.dylib in Frameworks */ = {isa = PBXBuildFile; fileRef = 4336C1921B3A77F6003EDB16 /* libopencv_calib3d.3.0.0.dylib */; };
		4336C1C71B3A77F6003EDB16 /* libopencv_calib3d.3.0.0.dylib in Frameworks */ = {isa = PBXBuildFile; fileRef = 4336C1931B3A77F6003EDB16 /* libopencv_calib3d.3.0.0.dylib */; };
		4336C1C81B3A77F6003EDB16 /* libopencv_calib3d.3.0.0.dylib in Frameworks */ = {isa = PBXBuildFile; fileRef = 4336C1941B3A77F6003EDB16 /* libopencv_calib3d.3.0.0.dylib */; };
		4336C1C91B3A77F6003EDB16 /* libopencv_core.3.0.0.dylib in Frameworks */ = {isa = PBXBuildFile; fileRef = 4336C1951B3A77F6003EDB16 /* libopencv_core.3.0.0.dylib */; };
		4336C1CA1B3A77F6003EDB16 /* libopencv_core.3.0.0.dylib in Frameworks */ = {isa = PBXBuildFile; fileRef = 4336C1961B3A77F6003EDB16 /* libopencv_core.3.0.0.dylib */; };
		4336C1CB1B3A77F6003EDB16 /* libopencv_core.3.0.0.dylib in Frameworks */ = {isa = PBXBuildFile; fileRef = 4336C1971B3A77F6003EDB16 /* libopencv_core.3.0.0.dylib */; };
		4336C1CC1B3A77F6003EDB16 /* libopencv_features2d.3.0.0.dylib in Frameworks */ = {isa = PBXBuildFile; fileRef = 4336C1981B3A77F6003EDB16 /* libopencv_features2d.3.0.0.dylib */; };
		4336C1CD1B3A77F6003EDB16 /* libopencv_features2d.3.0.0.dylib in Frameworks */ = {isa = PBXBuildFile; fileRef = 4336C1991B3A77F6003EDB16 /* libopencv_features2d.3.0.0.dylib */; };
		4336C1CE1B3A77F6003EDB16 /* libopencv_features2d.3.0.0.dylib in Frameworks */ = {isa = PBXBuildFile; fileRef = 4336C19A1B3A77F6003EDB16 /* libopencv_features2d.3.0.0.dylib */; };
		4336C1CF1B3A77F6003EDB16 /* libopencv_flann.3.0.0.dylib in Frameworks */ = {isa = PBXBuildFile; fileRef = 4336C19B1B3A77F6003EDB16 /* libopencv_flann.3.0.0.dylib */; };
		4336C1D01B3A77F6003EDB16 /* libopencv_flann.3.0.0.dylib in Frameworks */ = {isa = PBXBuildFile; fileRef = 4336C19C1B3A77F6003EDB16 /* libopencv_flann.3.0.0.dylib */; };
		4336C1D11B3A77F6003EDB16 /* libopencv_flann.3.0.0.dylib in Frameworks */ = {isa = PBXBuildFile; fileRef = 4336C19D1B3A77F6003EDB16 /* libopencv_flann.3.0.0.dylib */; };
		4336C1D21B3A77F6003EDB16 /* libopencv_hal.a in Frameworks */ = {isa = PBXBuildFile; fileRef = 4336C19E1B3A77F6003EDB16 /* libopencv_hal.a */; };
		4336C1D31B3A77F6003EDB16 /* libopencv_highgui.3.0.0.dylib in Frameworks */ = {isa = PBXBuildFile; fileRef = 4336C19F1B3A77F6003EDB16 /* libopencv_highgui.3.0.0.dylib */; };
		4336C1D41B3A77F6003EDB16 /* libopencv_highgui.3.0.0.dylib in Frameworks */ = {isa = PBXBuildFile; fileRef = 4336C1A01B3A77F6003EDB16 /* libopencv_highgui.3.0.0.dylib */; };
		4336C1D51B3A77F6003EDB16 /* libopencv_highgui.3.0.0.dylib in Frameworks */ = {isa = PBXBuildFile; fileRef = 4336C1A11B3A77F6003EDB16 /* libopencv_highgui.3.0.0.dylib */; };
		4336C1D61B3A77F6003EDB16 /* libopencv_imgcodecs.3.0.0.dylib in Frameworks */ = {isa = PBXBuildFile; fileRef = 4336C1A21B3A77F6003EDB16 /* libopencv_imgcodecs.3.0.0.dylib */; };
		4336C1D71B3A77F6003EDB16 /* libopencv_imgcodecs.3.0.0.dylib in Frameworks */ = {isa = PBXBuildFile; fileRef = 4336C1A31B3A77F6003EDB16 /* libopencv_imgcodecs.3.0.0.dylib */; };
		4336C1D81B3A77F6003EDB16 /* libopencv_imgcodecs.3.0.0.dylib in Frameworks */ = {isa = PBXBuildFile; fileRef = 4336C1A41B3A77F6003EDB16 /* libopencv_imgcodecs.3.0.0.dylib */; };
		4336C1D91B3A77F6003EDB16 /* libopencv_imgproc.3.0.0.dylib in Frameworks */ = {isa = PBXBuildFile; fileRef = 4336C1A51B3A77F6003EDB16 /* libopencv_imgproc.3.0.0.dylib */; };
		4336C1DA1B3A77F6003EDB16 /* libopencv_imgproc.3.0.0.dylib in Frameworks */ = {isa = PBXBuildFile; fileRef = 4336C1A61B3A77F6003EDB16 /* libopencv_imgproc.3.0.0.dylib */; };
		4336C1DB1B3A77F6003EDB16 /* libopencv_imgproc.3.0.0.dylib in Frameworks */ = {isa = PBXBuildFile; fileRef = 4336C1A71B3A77F6003EDB16 /* libopencv_imgproc.3.0.0.dylib */; };
		4336C1DC1B3A77F6003EDB16 /* libopencv_ml.3.0.0.dylib in Frameworks */ = {isa = PBXBuildFile; fileRef = 4336C1A81B3A77F6003EDB16 /* libopencv_ml.3.0.0.dylib */; };
		4336C1DD1B3A77F6003EDB16 /* libopencv_ml.3.0.0.dylib in Frameworks */ = {isa = PBXBuildFile; fileRef = 4336C1A91B3A77F6003EDB16 /* libopencv_ml.3.0.0.dylib */; };
		4336C1DE1B3A77F6003EDB16 /* libopencv_ml.3.0.0.dylib in Frameworks */ = {isa = PBXBuildFile; fileRef = 4336C1AA1B3A77F6003EDB16 /* libopencv_ml.3.0.0.dylib */; };
		4336C1DF1B3A77F6003EDB16 /* libopencv_objdetect.3.0.0.dylib in Frameworks */ = {isa = PBXBuildFile; fileRef = 4336C1AB1B3A77F6003EDB16 /* libopencv_objdetect.3.0.0.dylib */; };
		4336C1E01B3A77F6003EDB16 /* libopencv_objdetect.3.0.0.dylib in Frameworks */ = {isa = PBXBuildFile; fileRef = 4336C1AC1B3A77F6003EDB16 /* libopencv_objdetect.3.0.0.dylib */; };
		4336C1E11B3A77F6003EDB16 /* libopencv_objdetect.3.0.0.dylib in Frameworks */ = {isa = PBXBuildFile; fileRef = 4336C1AD1B3A77F6003EDB16 /* libopencv_objdetect.3.0.0.dylib */; };
		4336C1E21B3A77F6003EDB16 /* libopencv_photo.3.0.0.dylib in Frameworks */ = {isa = PBXBuildFile; fileRef = 4336C1AE1B3A77F6003EDB16 /* libopencv_photo.3.0.0.dylib */; };
		4336C1E31B3A77F6003EDB16 /* libopencv_photo.3.0.0.dylib in Frameworks */ = {isa = PBXBuildFile; fileRef = 4336C1AF1B3A77F6003EDB16 /* libopencv_photo.3.0.0.dylib */; };
		4336C1E41B3A77F6003EDB16 /* libopencv_photo.3.0.0.dylib in Frameworks */ = {isa = PBXBuildFile; fileRef = 4336C1B01B3A77F6003EDB16 /* libopencv_photo.3.0.0.dylib */; };
		4336C1E51B3A77F6003EDB16 /* libopencv_shape.3.0.0.dylib in Frameworks */ = {isa = PBXBuildFile; fileRef = 4336C1B11B3A77F6003EDB16 /* libopencv_shape.3.0.0.dylib */; };
		4336C1E61B3A77F6003EDB16 /* libopencv_shape.3.0.0.dylib in Frameworks */ = {isa = PBXBuildFile; fileRef = 4336C1B21B3A77F6003EDB16 /* libopencv_shape.3.0.0.dylib */; };
		4336C1E71B3A77F6003EDB16 /* libopencv_shape.3.0.0.dylib in Frameworks */ = {isa = PBXBuildFile; fileRef = 4336C1B31B3A77F6003EDB16 /* libopencv_shape.3.0.0.dylib */; };
		4336C1E81B3A77F6003EDB16 /* libopencv_stitching.3.0.0.dylib in Frameworks */ = {isa = PBXBuildFile; fileRef = 4336C1B41B3A77F6003EDB16 /* libopencv_stitching.3.0.0.dylib */; };
		4336C1E91B3A77F6003EDB16 /* libopencv_stitching.3.0.0.dylib in Frameworks */ = {isa = PBXBuildFile; fileRef = 4336C1B51B3A77F6003EDB16 /* libopencv_stitching.3.0.0.dylib */; };
		4336C1EA1B3A77F6003EDB16 /* libopencv_stitching.3.0.0.dylib in Frameworks */ = {isa = PBXBuildFile; fileRef = 4336C1B61B3A77F6003EDB16 /* libopencv_stitching.3.0.0.dylib */; };
		4336C1EB1B3A77F6003EDB16 /* libopencv_superres.3.0.0.dylib in Frameworks */ = {isa = PBXBuildFile; fileRef = 4336C1B71B3A77F6003EDB16 /* libopencv_superres.3.0.0.dylib */; };
		4336C1EC1B3A77F6003EDB16 /* libopencv_superres.3.0.0.dylib in Frameworks */ = {isa = PBXBuildFile; fileRef = 4336C1B81B3A77F6003EDB16 /* libopencv_superres.3.0.0.dylib */; };
		4336C1ED1B3A77F6003EDB16 /* libopencv_superres.3.0.0.dylib in Frameworks */ = {isa = PBXBuildFile; fileRef = 4336C1B91B3A77F6003EDB16 /* libopencv_superres.3.0.0.dylib */; };
		4336C1EE1B3A77F6003EDB16 /* libopencv_ts.a in Frameworks */ = {isa = PBXBuildFile; fileRef = 4336C1BA1B3A77F6003EDB16 /* libopencv_ts.a */; };
		4336C1EF1B3A77F6003EDB16 /* libopencv_video.3.0.0.dylib in Frameworks */ = {isa = PBXBuildFile; fileRef = 4336C1BB1B3A77F6003EDB16 /* libopencv_video.3.0.0.dylib */; };
		4336C1F01B3A77F6003EDB16 /* libopencv_video.3.0.0.dylib in Frameworks */ = {isa = PBXBuildFile; fileRef = 4336C1BC1B3A77F6003EDB16 /* libopencv_video.3.0.0.dylib */; };
		4336C1F11B3A77F6003EDB16 /* libopencv_video.3.0.0.dylib in Frameworks */ = {isa = PBXBuildFile; fileRef = 4336C1BD1B3A77F6003EDB16 /* libopencv_video.3.0.0.dylib */; };
		4336C1F21B3A77F6003EDB16 /* libopencv_videoio.3.0.0.dylib in Frameworks */ = {isa = PBXBuildFile; fileRef = 4336C1BE1B3A77F6003EDB16 /* libopencv_videoio.3.0.0.dylib */; };
		4336C1F31B3A77F6003EDB16 /* libopencv_videoio.3.0.0.dylib in Frameworks */ = {isa = PBXBuildFile; fileRef = 4336C1BF1B3A77F6003EDB16 /* libopencv_videoio.3.0.0.dylib */; };
		4336C1F41B3A77F6003EDB16 /* libopencv_videoio.3.0.0.dylib in Frameworks */ = {isa = PBXBuildFile; fileRef = 4336C1C01B3A77F6003EDB16 /* libopencv_videoio.3.0.0.dylib */; };
		4336C1F51B3A77F6003EDB16 /* libopencv_videostab.3.0.0.dylib in Frameworks */ = {isa = PBXBuildFile; fileRef = 4336C1C11B3A77F6003EDB16 /* libopencv_videostab.3.0.0.dylib */; };
		4336C1F61B3A77F6003EDB16 /* libopencv_videostab.3.0.0.dylib in Frameworks */ = {isa = PBXBuildFile; fileRef = 4336C1C21B3A77F6003EDB16 /* libopencv_videostab.3.0.0.dylib */; };
		4336C1F71B3A77F6003EDB16 /* libopencv_videostab.3.0.0.dylib in Frameworks */ = {isa = PBXBuildFile; fileRef = 4336C1C31B3A77F6003EDB16 /* libopencv_videostab.3.0.0.dylib */; };
/* End PBXBuildFile section */

/* Begin PBXCopyFilesBuildPhase section */
		4336C1861B3A7705003EDB16 /* CopyFiles */ = {
			isa = PBXCopyFilesBuildPhase;
			buildActionMask = 2147483647;
			dstPath = /usr/share/man/man1/;
			dstSubfolderSpec = 0;
			files = (
			);
			runOnlyForDeploymentPostprocessing = 1;
		};
/* End PBXCopyFilesBuildPhase section */

/* Begin PBXFileReference section */
		4336C1881B3A7705003EDB16 /* hello_opencv */ = {isa = PBXFileReference; explicitFileType = "compiled.mach-o.executable"; includeInIndex = 0; path = hello_opencv; sourceTree = BUILT_PRODUCTS_DIR; };
		4336C18B1B3A7705003EDB16 /* main.cpp */ = {isa = PBXFileReference; lastKnownFileType = sourcecode.cpp.cpp; path = main.cpp; sourceTree = "<group>"; };
		4336C1921B3A77F6003EDB16 /* libopencv_calib3d.3.0.0.dylib */ = {isa = PBXFileReference; lastKnownFileType = "compiled.mach-o.dylib"; name = libopencv_calib3d.3.0.0.dylib; path = ../../../../../usr/local/lib/libopencv_calib3d.3.0.0.dylib; sourceTree = "<group>"; };
		4336C1931B3A77F6003EDB16 /* libopencv_calib3d.3.0.0.dylib */ = {isa = PBXFileReference; lastKnownFileType = "compiled.mach-o.dylib"; name = libopencv_calib3d.3.0.0.dylib; path = ../../../../../usr/local/lib/libopencv_calib3d.3.0.0.dylib; sourceTree = "<group>"; };
		4336C1941B3A77F6003EDB16 /* libopencv_calib3d.3.0.0.dylib */ = {isa = PBXFileReference; lastKnownFileType = "compiled.mach-o.dylib"; name = libopencv_calib3d.3.0.0.dylib; path = ../../../../../usr/local/lib/libopencv_calib3d.3.0.0.dylib; sourceTree = "<group>"; };
		4336C1951B3A77F6003EDB16 /* libopencv_core.3.0.0.dylib */ = {isa = PBXFileReference; lastKnownFileType = "compiled.mach-o.dylib"; name = libopencv_core.3.0.0.dylib; path = ../../../../../usr/local/lib/libopencv_core.3.0.0.dylib; sourceTree = "<group>"; };
		4336C1961B3A77F6003EDB16 /* libopencv_core.3.0.0.dylib */ = {isa = PBXFileReference; lastKnownFileType = "compiled.mach-o.dylib"; name = libopencv_core.3.0.0.dylib; path = ../../../../../usr/local/lib/libopencv_core.3.0.0.dylib; sourceTree = "<group>"; };
		4336C1971B3A77F6003EDB16 /* libopencv_core.3.0.0.dylib */ = {isa = PBXFileReference; lastKnownFileType = "compiled.mach-o.dylib"; name = libopencv_core.3.0.0.dylib; path = ../../../../../usr/local/lib/libopencv_core.3.0.0.dylib; sourceTree = "<group>"; };
		4336C1981B3A77F6003EDB16 /* libopencv_features2d.3.0.0.dylib */ = {isa = PBXFileReference; lastKnownFileType = "compiled.mach-o.dylib"; name = libopencv_features2d.3.0.0.dylib; path = ../../../../../usr/local/lib/libopencv_features2d.3.0.0.dylib; sourceTree = "<group>"; };
		4336C1991B3A77F6003EDB16 /* libopencv_features2d.3.0.0.dylib */ = {isa = PBXFileReference; lastKnownFileType = "compiled.mach-o.dylib"; name = libopencv_features2d.3.0.0.dylib; path = ../../../../../usr/local/lib/libopencv_features2d.3.0.0.dylib; sourceTree = "<group>"; };
		4336C19A1B3A77F6003EDB16 /* libopencv_features2d.3.0.0.dylib */ = {isa = PBXFileReference; lastKnownFileType = "compiled.mach-o.dylib"; name = libopencv_features2d.3.0.0.dylib; path = ../../../../../usr/local/lib/libopencv_features2d.3.0.0.dylib; sourceTree = "<group>"; };
		4336C19B1B3A77F6003EDB16 /* libopencv_flann.3.0.0.dylib */ = {isa = PBXFileReference; lastKnownFileType = "compiled.mach-o.dylib"; name = libopencv_flann.3.0.0.dylib; path = ../../../../../usr/local/lib/libopencv_flann.3.0.0.dylib; sourceTree = "<group>"; };
		4336C19C1B3A77F6003EDB16 /* libopencv_flann.3.0.0.dylib */ = {isa = PBXFileReference; lastKnownFileType = "compiled.mach-o.dylib"; name = libopencv_flann.3.0.0.dylib; path = ../../../../../usr/local/lib/libopencv_flann.3.0.0.dylib; sourceTree = "<group>"; };
		4336C19D1B3A77F6003EDB16 /* libopencv_flann.3.0.0.dylib */ = {isa = PBXFileReference; lastKnownFileType = "compiled.mach-o.dylib"; name = libopencv_flann.3.0.0.dylib; path = ../../../../../usr/local/lib/libopencv_flann.3.0.0.dylib; sourceTree = "<group>"; };
		4336C19E1B3A77F6003EDB16 /* libopencv_hal.a */ = {isa = PBXFileReference; lastKnownFileType = archive.ar; name = libopencv_hal.a; path = ../../../../../usr/local/lib/libopencv_hal.a; sourceTree = "<group>"; };
		4336C19F1B3A77F6003EDB16 /* libopencv_highgui.3.0.0.dylib */ = {isa = PBXFileReference; lastKnownFileType = "compiled.mach-o.dylib"; name = libopencv_highgui.3.0.0.dylib; path = ../../../../../usr/local/lib/libopencv_highgui.3.0.0.dylib; sourceTree = "<group>"; };
		4336C1A01B3A77F6003EDB16 /* libopencv_highgui.3.0.0.dylib */ = {isa = PBXFileReference; lastKnownFileType = "compiled.mach-o.dylib"; name = libopencv_highgui.3.0.0.dylib; path = ../../../../../usr/local/lib/libopencv_highgui.3.0.0.dylib; sourceTree = "<group>"; };
		4336C1A11B3A77F6003EDB16 /* libopencv_highgui.3.0.0.dylib */ = {isa = PBXFileReference; lastKnownFileType = "compiled.mach-o.dylib"; name = libopencv_highgui.3.0.0.dylib; path = ../../../../../usr/local/lib/libopencv_highgui.3.0.0.dylib; sourceTree = "<group>"; };
		4336C1A21B3A77F6003EDB16 /* libopencv_imgcodecs.3.0.0.dylib */ = {isa = PBXFileReference; lastKnownFileType = "compiled.mach-o.dylib"; name = libopencv_imgcodecs.3.0.0.dylib; path = ../../../../../usr/local/lib/libopencv_imgcodecs.3.0.0.dylib; sourceTree = "<group>"; };
		4336C1A31B3A77F6003EDB16 /* libopencv_imgcodecs.3.0.0.dylib */ = {isa = PBXFileReference; lastKnownFileType = "compiled.mach-o.dylib"; name = libopencv_imgcodecs.3.0.0.dylib; path = ../../../../../usr/local/lib/libopencv_imgcodecs.3.0.0.dylib; sourceTree = "<group>"; };
		4336C1A41B3A77F6003EDB16 /* libopencv_imgcodecs.3.0.0.dylib */ = {isa = PBXFileReference; lastKnownFileType = "compiled.mach-o.dylib"; name = libopencv_imgcodecs.3.0.0.dylib; path = ../../../../../usr/local/lib/libopencv_imgcodecs.3.0.0.dylib; sourceTree = "<group>"; };
		4336C1A51B3A77F6003EDB16 /* libopencv_imgproc.3.0.0.dylib */ = {isa = PBXFileReference; lastKnownFileType = "compiled.mach-o.dylib"; name = libopencv_imgproc.3.0.0.dylib; path = ../../../../../usr/local/lib/libopencv_imgproc.3.0.0.dylib; sourceTree = "<group>"; };
		4336C1A61B3A77F6003EDB16 /* libopencv_imgproc.3.0.0.dylib */ = {isa = PBXFileReference; lastKnownFileType = "compiled.mach-o.dylib"; name = libopencv_imgproc.3.0.0.dylib; path = ../../../../../usr/local/lib/libopencv_imgproc.3.0.0.dylib; sourceTree = "<group>"; };
		4336C1A71B3A77F6003EDB16 /* libopencv_imgproc.3.0.0.dylib */ = {isa = PBXFileReference; lastKnownFileType = "compiled.mach-o.dylib"; name = libopencv_imgproc.3.0.0.dylib; path = ../../../../../usr/local/lib/libopencv_imgproc.3.0.0.dylib; sourceTree = "<group>"; };
		4336C1A81B3A77F6003EDB16 /* libopencv_ml.3.0.0.dylib */ = {isa = PBXFileReference; lastKnownFileType = "compiled.mach-o.dylib"; name = libopencv_ml.3.0.0.dylib; path = ../../../../../usr/local/lib/libopencv_ml.3.0.0.dylib; sourceTree = "<group>"; };
		4336C1A91B3A77F6003EDB16 /* libopencv_ml.3.0.0.dylib */ = {isa = PBXFileReference; lastKnownFileType = "compiled.mach-o.dylib"; name = libopencv_ml.3.0.0.dylib; path = ../../../../../usr/local/lib/libopencv_ml.3.0.0.dylib; sourceTree = "<group>"; };
		4336C1AA1B3A77F6003EDB16 /* libopencv_ml.3.0.0.dylib */ = {isa = PBXFileReference; lastKnownFileType = "compiled.mach-o.dylib"; name = libopencv_ml.3.0.0.dylib; path = ../../../../../usr/local/lib/libopencv_ml.3.0.0.dylib; sourceTree = "<group>"; };
		4336C1AB1B3A77F6003EDB16 /* libopencv_objdetect.3.0.0.dylib */ = {isa = PBXFileReference; lastKnownFileType = "compiled.mach-o.dylib"; name = libopencv_objdetect.3.0.0.dylib; path = ../../../../../usr/local/lib/libopencv_objdetect.3.0.0.dylib; sourceTree = "<group>"; };
		4336C1AC1B3A77F6003EDB16 /* libopencv_objdetect.3.0.0.dylib */ = {isa = PBXFileReference; lastKnownFileType = "compiled.mach-o.dylib"; name = libopencv_objdetect.3.0.0.dylib; path = ../../../../../usr/local/lib/libopencv_objdetect.3.0.0.dylib; sourceTree = "<group>"; };
		4336C1AD1B3A77F6003EDB16 /* libopencv_objdetect.3.0.0.dylib */ = {isa = PBXFileReference; lastKnownFileType = "compiled.mach-o.dylib"; name = libopencv_objdetect.3.0.0.dylib; path = ../../../../../usr/local/lib/libopencv_objdetect.3.0.0.dylib; sourceTree = "<group>"; };
		4336C1AE1B3A77F6003EDB16 /* libopencv_photo.3.0.0.dylib */ = {isa = PBXFileReference; lastKnownFileType = "compiled.mach-o.dylib"; name = libopencv_photo.3.0.0.dylib; path = ../../../../../usr/local/lib/libopencv_photo.3.0.0.dylib; sourceTree = "<group>"; };
		4336C1AF1B3A77F6003EDB16 /* libopencv_photo.3.0.0.dylib */ = {isa = PBXFileReference; lastKnownFileType = "compiled.mach-o.dylib"; name = libopencv_photo.3.0.0.dylib; path = ../../../../../usr/local/lib/libopencv_photo.3.0.0.dylib; sourceTree = "<group>"; };
		4336C1B01B3A77F6003EDB16 /* libopencv_photo.3.0.0.dylib */ = {isa = PBXFileReference; lastKnownFileType = "compiled.mach-o.dylib"; name = libopencv_photo.3.0.0.dylib; path = ../../../../../usr/local/lib/libopencv_photo.3.0.0.dylib; sourceTree = "<group>"; };
		4336C1B11B3A77F6003EDB16 /* libopencv_shape.3.0.0.dylib */ = {isa = PBXFileReference; lastKnownFileType = "compiled.mach-o.dylib"; name = libopencv_shape.3.0.0.dylib; path = ../../../../../usr/local/lib/libopencv_shape.3.0.0.dylib; sourceTree = "<group>"; };
		4336C1B21B3A77F6003EDB16 /* libopencv_shape.3.0.0.dylib */ = {isa = PBXFileReference; lastKnownFileType = "compiled.mach-o.dylib"; name = libopencv_shape.3.0.0.dylib; path = ../../../../../usr/local/lib/libopencv_shape.3.0.0.dylib; sourceTree = "<group>"; };
		4336C1B31B3A77F6003EDB16 /* libopencv_shape.3.0.0.dylib */ = {isa = PBXFileReference; lastKnownFileType = "compiled.mach-o.dylib"; name = libopencv_shape.3.0.0.dylib; path = ../../../../../usr/local/lib/libopencv_shape.3.0.0.dylib; sourceTree = "<group>"; };
		4336C1B41B3A77F6003EDB16 /* libopencv_stitching.3.0.0.dylib */ = {isa = PBXFileReference; lastKnownFileType = "compiled.mach-o.dylib"; name = libopencv_stitching.3.0.0.dylib; path = ../../../../../usr/local/lib/libopencv_stitching.3.0.0.dylib; sourceTree = "<group>"; };
		4336C1B51B3A77F6003EDB16 /* libopencv_stitching.3.0.0.dylib */ = {isa = PBXFileReference; lastKnownFileType = "compiled.mach-o.dylib"; name = libopencv_stitching.3.0.0.dylib; path = ../../../../../usr/local/lib/libopencv_stitching.3.0.0.dylib; sourceTree = "<group>"; };
		4336C1B61B3A77F6003EDB16 /* libopencv_stitching.3.0.0.dylib */ = {isa = PBXFileReference; lastKnownFileType = "compiled.mach-o.dylib"; name = libopencv_stitching.3.0.0.dylib; path = ../../../../../usr/local/lib/libopencv_stitching.3.0.0.dylib; sourceTree = "<group>"; };
		4336C1B71B3A77F6003EDB16 /* libopencv_superres.3.0.0.dylib */ = {isa = PBXFileReference; lastKnownFileType = "compiled.mach-o.dylib"; name = libopencv_superres.3.0.0.dylib; path = ../../../../../usr/local/lib/libopencv_superres.3.0.0.dylib; sourceTree = "<group>"; };
		4336C1B81B3A77F6003EDB16 /* libopencv_superres.3.0.0.dylib */ = {isa = PBXFileReference; lastKnownFileType = "compiled.mach-o.dylib"; name = libopencv_superres.3.0.0.dylib; path = ../../../../../usr/local/lib/libopencv_superres.3.0.0.dylib; sourceTree = "<group>"; };
		4336C1B91B3A77F6003EDB16 /* libopencv_superres.3.0.0.dylib */ = {isa = PBXFileReference; lastKnownFileType = "compiled.mach-o.dylib"; name = libopencv_superres.3.0.0.dylib; path = ../../../../../usr/local/lib/libopencv_superres.3.0.0.dylib; sourceTree = "<group>"; };
		4336C1BA1B3A77F6003EDB16 /* libopencv_ts.a */ = {isa = PBXFileReference; lastKnownFileType = archive.ar; name = libopencv_ts.a; path = ../../../../../usr/local/lib/libopencv_ts.a; sourceTree = "<group>"; };
		4336C1BB1B3A77F6003EDB16 /* libopencv_video.3.0.0.dylib */ = {isa = PBXFileReference; lastKnownFileType = "compiled.mach-o.dylib"; name = libopencv_video.3.0.0.dylib; path = ../../../../../usr/local/lib/libopencv_video.3.0.0.dylib; sourceTree = "<group>"; };
		4336C1BC1B3A77F6003EDB16 /* libopencv_video.3.0.0.dylib */ = {isa = PBXFileReference; lastKnownFileType = "compiled.mach-o.dylib"; name = libopencv_video.3.0.0.dylib; path = ../../../../../usr/local/lib/libopencv_video.3.0.0.dylib; sourceTree = "<group>"; };
		4336C1BD1B3A77F6003EDB16 /* libopencv_video.3.0.0.dylib */ = {isa = PBXFileReference; lastKnownFileType = "compiled.mach-o.dylib"; name = libopencv_video.3.0.0.dylib; path = ../../../../../usr/local/lib/libopencv_video.3.0.0.dylib; sourceTree = "<group>"; };
		4336C1BE1B3A77F6003EDB16 /* libopencv_videoio.3.0.0.dylib */ = {isa = PBXFileReference; lastKnownFileType = "compiled.mach-o.dylib"; name = libopencv_videoio.3.0.0.dylib; path = ../../../../../usr/local/lib/libopencv_videoio.3.0.0.dylib; sourceTree = "<group>"; };
		4336C1BF1B3A77F6003EDB16 /* libopencv_videoio.3.0.0.dylib */ = {isa = PBXFileReference; lastKnownFileType = "compiled.mach-o.dylib"; name = libopencv_videoio.3.0.0.dylib; path = ../../../../../usr/local/lib/libopencv_videoio.3.0.0.dylib; sourceTree = "<group>"; };
		4336C1C01B3A77F6003EDB16 /* libopencv_videoio.3.0.0.dylib */ = {isa = PBXFileReference; lastKnownFileType = "compiled.mach-o.dylib"; name = libopencv_videoio.3.0.0.dylib; path = ../../../../../usr/local/lib/libopencv_videoio.3.0.0.dylib; sourceTree = "<group>"; };
		4336C1C11B3A77F6003EDB16 /* libopencv_videostab.3.0.0.dylib */ = {isa = PBXFileReference; lastKnownFileType = "compiled.mach-o.dylib"; name = libopencv_videostab.3.0.0.dylib; path = ../../../../../usr/local/lib/libopencv_videostab.3.0.0.dylib; sourceTree = "<group>"; };
		4336C1C21B3A77F6003EDB16 /* libopencv_videostab.3.0.0.dylib */ = {isa = PBXFileReference; lastKnownFileType = "compiled.mach-o.dylib"; name = libopencv_videostab.3.0.0.dylib; path = ../../../../../usr/local/lib/libopencv_videostab.3.0.0.dylib; sourceTree = "<group>"; };
		4336C1C31B3A77F6003EDB16 /* libopencv_videostab.3.0.0.dylib */ = {isa = PBXFileReference; lastKnownFileType = "compiled.mach-o.dylib"; name = libopencv_videostab.3.0.0.dylib; path = ../../../../../usr/local/lib/libopencv_videostab.3.0.0.dylib; sourceTree = "<group>"; };
		4336C1C41B3A77F6003EDB16 /* pkgconfig */ = {isa = PBXFileReference; lastKnownFileType = folder; name = pkgconfig; path = ../../../../../usr/local/lib/pkgconfig; sourceTree = "<group>"; };
		4336C1C51B3A77F6003EDB16 /* python2.7 */ = {isa = PBXFileReference; lastKnownFileType = folder; name = python2.7; path = ../../../../../usr/local/lib/python2.7; sourceTree = "<group>"; };
/* End PBXFileReference section */

/* Begin PBXFrameworksBuildPhase section */
		4336C1851B3A7705003EDB16 /* Frameworks */ = {
			isa = PBXFrameworksBuildPhase;
			buildActionMask = 2147483647;
			files = (
				4336C1F51B3A77F6003EDB16 /* libopencv_videostab.3.0.0.dylib in Frameworks */,
				4336C1EF1B3A77F6003EDB16 /* libopencv_video.3.0.0.dylib in Frameworks */,
				4336C1CE1B3A77F6003EDB16 /* libopencv_features2d.3.0.0.dylib in Frameworks */,
				4336C1E61B3A77F6003EDB16 /* libopencv_shape.3.0.0.dylib in Frameworks */,
				4336C1F41B3A77F6003EDB16 /* libopencv_videoio.3.0.0.dylib in Frameworks */,
				4336C1D21B3A77F6003EDB16 /* libopencv_hal.a in Frameworks */,
				4336C1D61B3A77F6003EDB16 /* libopencv_imgcodecs.3.0.0.dylib in Frameworks */,
				4336C1E41B3A77F6003EDB16 /* libopencv_photo.3.0.0.dylib in Frameworks */,
				4336C1F61B3A77F6003EDB16 /* libopencv_videostab.3.0.0.dylib in Frameworks */,
				4336C1D51B3A77F6003EDB16 /* libopencv_highgui.3.0.0.dylib in Frameworks */,
				4336C1CA1B3A77F6003EDB16 /* libopencv_core.3.0.0.dylib in Frameworks */,
				4336C1F01B3A77F6003EDB16 /* libopencv_video.3.0.0.dylib in Frameworks */,
				4336C1E81B3A77F6003EDB16 /* libopencv_stitching.3.0.0.dylib in Frameworks */,
				4336C1F21B3A77F6003EDB16 /* libopencv_videoio.3.0.0.dylib in Frameworks */,
				4336C1F71B3A77F6003EDB16 /* libopencv_videostab.3.0.0.dylib in Frameworks */,
				4336C1CF1B3A77F6003EDB16 /* libopencv_flann.3.0.0.dylib in Frameworks */,
				4336C1C81B3A77F6003EDB16 /* libopencv_calib3d.3.0.0.dylib in Frameworks */,
				4336C1E11B3A77F6003EDB16 /* libopencv_objdetect.3.0.0.dylib in Frameworks */,
				4336C1F31B3A77F6003EDB16 /* libopencv_videoio.3.0.0.dylib in Frameworks */,
				4336C1D01B3A77F6003EDB16 /* libopencv_flann.3.0.0.dylib in Frameworks */,
				4336C1EE1B3A77F6003EDB16 /* libopencv_ts.a in Frameworks */,
				4336C1DA1B3A77F6003EDB16 /* libopencv_imgproc.3.0.0.dylib in Frameworks */,
				4336C1EB1B3A77F6003EDB16 /* libopencv_superres.3.0.0.dylib in Frameworks */,
				4336C1DF1B3A77F6003EDB16 /* libopencv_objdetect.3.0.0.dylib in Frameworks */,
				4336C1F11B3A77F6003EDB16 /* libopencv_video.3.0.0.dylib in Frameworks */,
				4336C1E51B3A77F6003EDB16 /* libopencv_shape.3.0.0.dylib in Frameworks */,
				4336C1DD1B3A77F6003EDB16 /* libopencv_ml.3.0.0.dylib in Frameworks */,
				4336C1CD1B3A77F6003EDB16 /* libopencv_features2d.3.0.0.dylib in Frameworks */,
				4336C1D11B3A77F6003EDB16 /* libopencv_flann.3.0.0.dylib in Frameworks */,
				4336C1D91B3A77F6003EDB16 /* libopencv_imgproc.3.0.0.dylib in Frameworks */,
				4336C1D31B3A77F6003EDB16 /* libopencv_highgui.3.0.0.dylib in Frameworks */,
				4336C1EA1B3A77F6003EDB16 /* libopencv_stitching.3.0.0.dylib in Frameworks */,
				4336C1D41B3A77F6003EDB16 /* libopencv_highgui.3.0.0.dylib in Frameworks */,
				4336C1ED1B3A77F6003EDB16 /* libopencv_superres.3.0.0.dylib in Frameworks */,
				4336C1DC1B3A77F6003EDB16 /* libopencv_ml.3.0.0.dylib in Frameworks */,
				4336C1DB1B3A77F6003EDB16 /* libopencv_imgproc.3.0.0.dylib in Frameworks */,
				4336C1D81B3A77F6003EDB16 /* libopencv_imgcodecs.3.0.0.dylib in Frameworks */,
				4336C1E91B3A77F6003EDB16 /* libopencv_stitching.3.0.0.dylib in Frameworks */,
				4336C1C61B3A77F6003EDB16 /* libopencv_calib3d.3.0.0.dylib in Frameworks */,
				4336C1E21B3A77F6003EDB16 /* libopencv_photo.3.0.0.dylib in Frameworks */,
				4336C1C71B3A77F6003EDB16 /* libopencv_calib3d.3.0.0.dylib in Frameworks */,
				4336C1EC1B3A77F6003EDB16 /* libopencv_superres.3.0.0.dylib in Frameworks */,
				4336C1CC1B3A77F6003EDB16 /* libopencv_features2d.3.0.0.dylib in Frameworks */,
				4336C1E01B3A77F6003EDB16 /* libopencv_objdetect.3.0.0.dylib in Frameworks */,
				4336C1C91B3A77F6003EDB16 /* libopencv_core.3.0.0.dylib in Frameworks */,
				4336C1CB1B3A77F6003EDB16 /* libopencv_core.3.0.0.dylib in Frameworks */,
				4336C1DE1B3A77F6003EDB16 /* libopencv_ml.3.0.0.dylib in Frameworks */,
				4336C1D71B3A77F6003EDB16 /* libopencv_imgcodecs.3.0.0.dylib in Frameworks */,
				4336C1E71B3A77F6003EDB16 /* libopencv_shape.3.0.0.dylib in Frameworks */,
				4336C1E31B3A77F6003EDB16 /* libopencv_photo.3.0.0.dylib in Frameworks */,
			);
			runOnlyForDeploymentPostprocessing = 0;
		};
/* End PBXFrameworksBuildPhase section */

/* Begin PBXGroup section */
		4336C17F1B3A7705003EDB16 = {
			isa = PBXGroup;
			children = (
				4336C1921B3A77F6003EDB16 /* libopencv_calib3d.3.0.0.dylib */,
				4336C1931B3A77F6003EDB16 /* libopencv_calib3d.3.0.0.dylib */,
				4336C1941B3A77F6003EDB16 /* libopencv_calib3d.3.0.0.dylib */,
				4336C1951B3A77F6003EDB16 /* libopencv_core.3.0.0.dylib */,
				4336C1961B3A77F6003EDB16 /* libopencv_core.3.0.0.dylib */,
				4336C1971B3A77F6003EDB16 /* libopencv_core.3.0.0.dylib */,
				4336C1981B3A77F6003EDB16 /* libopencv_features2d.3.0.0.dylib */,
				4336C1991B3A77F6003EDB16 /* libopencv_features2d.3.0.0.dylib */,
				4336C19A1B3A77F6003EDB16 /* libopencv_features2d.3.0.0.dylib */,
				4336C19B1B3A77F6003EDB16 /* libopencv_flann.3.0.0.dylib */,
				4336C19C1B3A77F6003EDB16 /* libopencv_flann.3.0.0.dylib */,
				4336C19D1B3A77F6003EDB16 /* libopencv_flann.3.0.0.dylib */,
				4336C19E1B3A77F6003EDB16 /* libopencv_hal.a */,
				4336C19F1B3A77F6003EDB16 /* libopencv_highgui.3.0.0.dylib */,
				4336C1A01B3A77F6003EDB16 /* libopencv_highgui.3.0.0.dylib */,
				4336C1A11B3A77F6003EDB16 /* libopencv_highgui.3.0.0.dylib */,
				4336C1A21B3A77F6003EDB16 /* libopencv_imgcodecs.3.0.0.dylib */,
				4336C1A31B3A77F6003EDB16 /* libopencv_imgcodecs.3.0.0.dylib */,
				4336C1A41B3A77F6003EDB16 /* libopencv_imgcodecs.3.0.0.dylib */,
				4336C1A51B3A77F6003EDB16 /* libopencv_imgproc.3.0.0.dylib */,
				4336C1A61B3A77F6003EDB16 /* libopencv_imgproc.3.0.0.dylib */,
				4336C1A71B3A77F6003EDB16 /* libopencv_imgproc.3.0.0.dylib */,
				4336C1A81B3A77F6003EDB16 /* libopencv_ml.3.0.0.dylib */,
				4336C1A91B3A77F6003EDB16 /* libopencv_ml.3.0.0.dylib */,
				4336C1AA1B3A77F6003EDB16 /* libopencv_ml.3.0.0.dylib */,
				4336C1AB1B3A77F6003EDB16 /* libopencv_objdetect.3.0.0.dylib */,
				4336C1AC1B3A77F6003EDB16 /* libopencv_objdetect.3.0.0.dylib */,
				4336C1AD1B3A77F6003EDB16 /* libopencv_objdetect.3.0.0.dylib */,
				4336C1AE1B3A77F6003EDB16 /* libopencv_photo.3.0.0.dylib */,
				4336C1AF1B3A77F6003EDB16 /* libopencv_photo.3.0.0.dylib */,
				4336C1B01B3A77F6003EDB16 /* libopencv_photo.3.0.0.dylib */,
				4336C1B11B3A77F6003EDB16 /* libopencv_shape.3.0.0.dylib */,
				4336C1B21B3A77F6003EDB16 /* libopencv_shape.3.0.0.dylib */,
				4336C1B31B3A77F6003EDB16 /* libopencv_shape.3.0.0.dylib */,
				4336C1B41B3A77F6003EDB16 /* libopencv_stitching.3.0.0.dylib */,
				4336C1B51B3A77F6003EDB16 /* libopencv_stitching.3.0.0.dylib */,
				4336C1B61B3A77F6003EDB16 /* libopencv_stitching.3.0.0.dylib */,
				4336C1B71B3A77F6003EDB16 /* libopencv_superres.3.0.0.dylib */,
				4336C1B81B3A77F6003EDB16 /* libopencv_superres.3.0.0.dylib */,
				4336C1B91B3A77F6003EDB16 /* libopencv_superres.3.0.0.dylib */,
				4336C1BA1B3A77F6003EDB16 /* libopencv_ts.a */,
				4336C1BB1B3A77F6003EDB16 /* libopencv_video.3.0.0.dylib */,
				4336C1BC1B3A77F6003EDB16 /* libopencv_video.3.0.0.dylib */,
				4336C1BD1B3A77F6003EDB16 /* libopencv_video.3.0.0.dylib */,
				4336C1BE1B3A77F6003EDB16 /* libopencv_videoio.3.0.0.dylib */,
				4336C1BF1B3A77F6003EDB16 /* libopencv_videoio.3.0.0.dylib */,
				4336C1C01B3A77F6003EDB16 /* libopencv_videoio.3.0.0.dylib */,
				4336C1C11B3A77F6003EDB16 /* libopencv_videostab.3.0.0.dylib */,
				4336C1C21B3A77F6003EDB16 /* libopencv_videostab.3.0.0.dylib */,
				4336C1C31B3A77F6003EDB16 /* libopencv_videostab.3.0.0.dylib */,
				4336C1C41B3A77F6003EDB16 /* pkgconfig */,
				4336C1C51B3A77F6003EDB16 /* python2.7 */,
				4336C18A1B3A7705003EDB16 /* hello_opencv */,
				4336C1891B3A7705003EDB16 /* Products */,
			);
			sourceTree = "<group>";
		};
		4336C1891B3A7705003EDB16 /* Products */ = {
			isa = PBXGroup;
			children = (
				4336C1881B3A7705003EDB16 /* hello_opencv */,
			);
			name = Products;
			sourceTree = "<group>";
		};
		4336C18A1B3A7705003EDB16 /* hello_opencv */ = {
			isa = PBXGroup;
			children = (
				4336C18B1B3A7705003EDB16 /* main.cpp */,
			);
			path = hello_opencv;
			sourceTree = "<group>";
		};
/* End PBXGroup section */

/* Begin PBXNativeTarget section */
		4336C1871B3A7705003EDB16 /* hello_opencv */ = {
			isa = PBXNativeTarget;
			buildConfigurationList = 4336C18F1B3A7705003EDB16 /* Build configuration list for PBXNativeTarget "hello_opencv" */;
			buildPhases = (
				4336C1841B3A7705003EDB16 /* Sources */,
				4336C1851B3A7705003EDB16 /* Frameworks */,
				4336C1861B3A7705003EDB16 /* CopyFiles */,
			);
			buildRules = (
			);
			dependencies = (
			);
			name = hello_opencv;
			productName = hello_opencv;
			productReference = 4336C1881B3A7705003EDB16 /* hello_opencv */;
			productType = "com.apple.product-type.tool";
		};
/* End PBXNativeTarget section */

/* Begin PBXProject section */
		4336C1801B3A7705003EDB16 /* Project object */ = {
			isa = PBXProject;
			attributes = {
				LastUpgradeCheck = 0630;
				ORGANIZATIONNAME = LiLingyu;
				TargetAttributes = {
					4336C1871B3A7705003EDB16 = {
						CreatedOnToolsVersion = 6.3.2;
					};
				};
			};
			buildConfigurationList = 4336C1831B3A7705003EDB16 /* Build configuration list for PBXProject "hello_opencv" */;
			compatibilityVersion = "Xcode 3.2";
			developmentRegion = English;
			hasScannedForEncodings = 0;
			knownRegions = (
				en,
			);
			mainGroup = 4336C17F1B3A7705003EDB16;
			productRefGroup = 4336C1891B3A7705003EDB16 /* Products */;
			projectDirPath = "";
			projectRoot = "";
			targets = (
				4336C1871B3A7705003EDB16 /* hello_opencv */,
			);
		};
/* End PBXProject section */

/* Begin PBXSourcesBuildPhase section */
		4336C1841B3A7705003EDB16 /* Sources */ = {
			isa = PBXSourcesBuildPhase;
			buildActionMask = 2147483647;
			files = (
				4336C18C1B3A7705003EDB16 /* main.cpp in Sources */,
			);
			runOnlyForDeploymentPostprocessing = 0;
		};
/* End PBXSourcesBuildPhase section */

/* Begin XCBuildConfiguration section */
		4336C18D1B3A7705003EDB16 /* Debug */ = {
			isa = XCBuildConfiguration;
			buildSettings = {
				ALWAYS_SEARCH_USER_PATHS = NO;
				CLANG_CXX_LANGUAGE_STANDARD = "gnu++0x";
				CLANG_CXX_LIBRARY = "libc++";
				CLANG_ENABLE_MODULES = YES;
				CLANG_ENABLE_OBJC_ARC = YES;
				CLANG_WARN_BOOL_CONVERSION = YES;
				CLANG_WARN_CONSTANT_CONVERSION = YES;
				CLANG_WARN_DIRECT_OBJC_ISA_USAGE = YES_ERROR;
				CLANG_WARN_EMPTY_BODY = YES;
				CLANG_WARN_ENUM_CONVERSION = YES;
				CLANG_WARN_INT_CONVERSION = YES;
				CLANG_WARN_OBJC_ROOT_CLASS = YES_ERROR;
				CLANG_WARN_UNREACHABLE_CODE = YES;
				CLANG_WARN__DUPLICATE_METHOD_MATCH = YES;
				COPY_PHASE_STRIP = NO;
				DEBUG_INFORMATION_FORMAT = dwarf;
				ENABLE_STRICT_OBJC_MSGSEND = YES;
				GCC_C_LANGUAGE_STANDARD = gnu99;
				GCC_DYNAMIC_NO_PIC = NO;
				GCC_NO_COMMON_BLOCKS = YES;
				GCC_OPTIMIZATION_LEVEL = 0;
				GCC_PREPROCESSOR_DEFINITIONS = (
					"DEBUG=1",
					"$(inherited)",
				);
				GCC_SYMBOLS_PRIVATE_EXTERN = NO;
				GCC_WARN_64_TO_32_BIT_CONVERSION = YES;
				GCC_WARN_ABOUT_RETURN_TYPE = YES_ERROR;
				GCC_WARN_UNDECLARED_SELECTOR = YES;
				GCC_WARN_UNINITIALIZED_AUTOS = YES_AGGRESSIVE;
				GCC_WARN_UNUSED_FUNCTION = YES;
				GCC_WARN_UNUSED_VARIABLE = YES;
				MACOSX_DEPLOYMENT_TARGET = 10.10;
				MTL_ENABLE_DEBUG_INFO = YES;
				ONLY_ACTIVE_ARCH = YES;
				SDKROOT = macosx;
			};
			name = Debug;
		};
		4336C18E1B3A7705003EDB16 /* Release */ = {
			isa = XCBuildConfiguration;
			buildSettings = {
				ALWAYS_SEARCH_USER_PATHS = NO;
				CLANG_CXX_LANGUAGE_STANDARD = "gnu++0x";
				CLANG_CXX_LIBRARY = "libc++";
				CLANG_ENABLE_MODULES = YES;
				CLANG_ENABLE_OBJC_ARC = YES;
				CLANG_WARN_BOOL_CONVERSION = YES;
				CLANG_WARN_CONSTANT_CONVERSION = YES;
				CLANG_WARN_DIRECT_OBJC_ISA_USAGE = YES_ERROR;
				CLANG_WARN_EMPTY_BODY = YES;
				CLANG_WARN_ENUM_CONVERSION = YES;
				CLANG_WARN_INT_CONVERSION = YES;
				CLANG_WARN_OBJC_ROOT_CLASS = YES_ERROR;
				CLANG_WARN_UNREACHABLE_CODE = YES;
				CLANG_WARN__DUPLICATE_METHOD_MATCH = YES;
				COPY_PHASE_STRIP = NO;
				DEBUG_INFORMATION_FORMAT = "dwarf-with-dsym";
				ENABLE_NS_ASSERTIONS = NO;
				ENABLE_STRICT_OBJC_MSGSEND = YES;
				GCC_C_LANGUAGE_STANDARD = gnu99;
				GCC_NO_COMMON_BLOCKS = YES;
				GCC_WARN_64_TO_32_BIT_CONVERSION = YES;
				GCC_WARN_ABOUT_RETURN_TYPE = YES_ERROR;
				GCC_WARN_UNDECLARED_SELECTOR = YES;
				GCC_WARN_UNINITIALIZED_AUTOS = YES_AGGRESSIVE;
				GCC_WARN_UNUSED_FUNCTION = YES;
				GCC_WARN_UNUSED_VARIABLE = YES;
				MACOSX_DEPLOYMENT_TARGET = 10.10;
				MTL_ENABLE_DEBUG_INFO = NO;
				SDKROOT = macosx;
			};
			name = Release;
		};
		4336C1901B3A7705003EDB16 /* Debug */ = {
			isa = XCBuildConfiguration;
			buildSettings = {
				"HEADER_SEARCH_PATHS[arch=*]" = (
					"$(inherited)",
					/Applications/Xcode.app/Contents/Developer/Toolchains/XcodeDefault.xctoolchain/usr/include,
					/usr/local/include/opencv,
					/usr/local/include,
				);
				"LIBRARY_SEARCH_PATHS[arch=*]" = /usr/local/lib;
				PRODUCT_NAME = "$(TARGET_NAME)";
			};
			name = Debug;
		};
		4336C1911B3A7705003EDB16 /* Release */ = {
			isa = XCBuildConfiguration;
			buildSettings = {
				PRODUCT_NAME = "$(TARGET_NAME)";
			};
			name = Release;
		};
/* End XCBuildConfiguration section */

/* Begin XCConfigurationList section */
		4336C1831B3A7705003EDB16 /* Build configuration list for PBXProject "hello_opencv" */ = {
			isa = XCConfigurationList;
			buildConfigurations = (
				4336C18D1B3A7705003EDB16 /* Debug */,
				4336C18E1B3A7705003EDB16 /* Release */,
			);
			defaultConfigurationIsVisible = 0;
			defaultConfigurationName = Release;
		};
		4336C18F1B3A7705003EDB16 /* Build configuration list for PBXNativeTarget "hello_opencv" */ = {
			isa = XCConfigurationList;
			buildConfigurations = (
				4336C1901B3A7705003EDB16 /* Debug */,
				4336C1911B3A7705003EDB16 /* Release */,
			);
			defaultConfigurationIsVisible = 0;
		};
/* End XCConfigurationList section */
	};
	rootObject = 4336C1801B3A7705003EDB16 /* Project object */;
}
